
Microsoft Visual Studio Solution File, Format Version 12.00
# Visual Studio Version 17
VisualStudioVersion = 17.2.32630.192
MinimumVisualStudioVersion = 10.0.40219.1
Project("{9A19103F-16F7-4668-BE54-9A1E7A4F7556}") = "PRJ_Delivery_Blazor", "PRJ_Delivery_Blazor.csproj", "{997C5529-119D-4618-99BC-653869B55155}"
EndProject
Global
	GlobalSection(SolutionConfigurationPlatforms) = preSolution
		Debug|Any CPU = Debug|Any CPU
		Release|Any CPU = Release|Any CPU
	EndGlobalSection
	GlobalSection(ProjectConfigurationPlatforms) = postSolution
		{997C5529-119D-4618-99BC-653869B55155}.Debug|Any CPU.ActiveCfg = Debug|Any CPU
		{997C5529-119D-4618-99BC-653869B55155}.Debug|Any CPU.Build.0 = Debug|Any CPU
		{997C5529-119D-4618-99BC-653869B55155}.Release|Any CPU.ActiveCfg = Release|Any CPU
		{997C5529-119D-4618-99BC-653869B55155}.Release|Any CPU.Build.0 = Release|Any CPU
	EndGlobalSection
	GlobalSection(SolutionProperties) = preSolution
		HideSolutionNode = FALSE
	EndGlobalSection
	GlobalSection(ExtensibilityGlobals) = postSolution
		SolutionGuid = {671EB791-C241-438A-A8A7-AB45D79EAAF8}
	EndGlobalSection
EndGlobal
